
Microsoft Visual Studio Solution File, Format Version 12.00
# Visual Studio Version 17
VisualStudioVersion = 17.3.32811.315
MinimumVisualStudioVersion = 10.0.40219.1
Project("{FAE04EC0-301F-11D3-BF4B-00C04F79EFBC}") = "MoviesCRUD", "MoviesCRUD.csproj", "{780E790B-D2A4-40F3-84D3-56DB7CF6C92E}"
EndProject
Global
	GlobalSection(SolutionConfigurationPlatforms) = preSolution
		Debug|Any CPU = Debug|Any CPU
		Release|Any CPU = Release|Any CPU
	EndGlobalSection
	GlobalSection(ProjectConfigurationPlatforms) = postSolution
		{780E790B-D2A4-40F3-84D3-56DB7CF6C92E}.Debug|Any CPU.ActiveCfg = Debug|Any CPU
		{780E790B-D2A4-40F3-84D3-56DB7CF6C92E}.Debug|Any CPU.Build.0 = Debug|Any CPU
		{780E790B-D2A4-40F3-84D3-56DB7CF6C92E}.Release|Any CPU.ActiveCfg = Release|Any CPU
		{780E790B-D2A4-40F3-84D3-56DB7CF6C92E}.Release|Any CPU.Build.0 = Release|Any CPU
	EndGlobalSection
	GlobalSection(SolutionProperties) = preSolution
		HideSolutionNode = FALSE
	EndGlobalSection
	GlobalSection(ExtensibilityGlobals) = postSolution
		SolutionGuid = {F900F528-C982-4DAE-B414-3DE5B344FB16}
	EndGlobalSection
EndGlobal
